
Microsoft Visual Studio Solution File, Format Version 12.00
# Visual Studio Version 16
VisualStudioVersion = 16.0.30517.126
MinimumVisualStudioVersion = 10.0.40219.1
Project("{2150E333-8FDC-42A3-9474-1A3956D46DE8}") = "Presentation", "Presentation", "{4AB2B315-39A1-4079-9336-C10B9D3D69E9}"
	ProjectSection(SolutionItems) = preProject
		Class1.cs = Class1.cs
	EndProjectSection
EndProject
Project("{2150E333-8FDC-42A3-9474-1A3956D46DE8}") = "Library", "Library", "{8DAEC0F2-7CE9-4154-8F51-947167ED7857}"
EndProject
Project("{2150E333-8FDC-42A3-9474-1A3956D46DE8}") = "Testing", "Testing", "{B01E6D1B-FB35-48E6-9641-B707E22A3F7E}"
EndProject
Project("{FAE04EC0-301F-11D3-BF4B-00C04F79EFBC}") = "GestDepLibrary", "ClassLibrary\GestDepLibrary.csproj", "{6A17E354-7B41-4E65-B6EA-209DFBC1FCC6}"
EndProject
Project("{2150E333-8FDC-42A3-9474-1A3956D46DE8}") = "Lab1", "Lab1", "{7901290B-E5D0-42C3-A189-E12E67FE3ED8}"
EndProject
Project("{FAE04EC0-301F-11D3-BF4B-00C04F79EFBC}") = "HellowWorld", "HellowWorld\HellowWorld.csproj", "{1C7B7BE5-387A-4C8E-8C45-72DFD7FE5A5D}"
EndProject
Project("{FAE04EC0-301F-11D3-BF4B-00C04F79EFBC}") = "GestDepLogicDesignTest", "GestDepLogicDesignTest\GestDepLogicDesignTest.csproj", "{F7ECAC5F-E09F-48B6-8932-82F453D80467}"
EndProject
Project("{2150E333-8FDC-42A3-9474-1A3956D46DE8}") = "Lab3", "Lab3", "{3B60911A-A015-4FB7-9273-8C9484779B1A}"
EndProject
Project("{FAE04EC0-301F-11D3-BF4B-00C04F79EFBC}") = "DBTest", "DBTest\DBTest.csproj", "{0790C7FF-9D33-47DA-8E9F-03B8B48A8E7E}"
EndProject
Project("{2150E333-8FDC-42A3-9474-1A3956D46DE8}") = "ProyectoTestPropio", "ProyectoTestPropio", "{11B55F82-8663-4AA8-9CF1-DC951055518A}"
EndProject
Project("{FAE04EC0-301F-11D3-BF4B-00C04F79EFBC}") = "TesteandoEntityFramework", "TesteandoEntityFramework\TesteandoEntityFramework.csproj", "{C9CE7850-BCB1-4A84-B2BC-3871DD4DDF40}"
EndProject
Project("{FAE04EC0-301F-11D3-BF4B-00C04F79EFBC}") = "GestDepServicesTest", "GestDepServicesTest\GestDepServicesTest.csproj", "{946260DF-7560-4A4D-B039-CCAAD05452E5}"
EndProject
Project("{FAE04EC0-301F-11D3-BF4B-00C04F79EFBC}") = "GestDepGUI", "GestDepGUI\GestDepGUI.csproj", "{88EB8983-BAA6-4DA4-9B2F-F1A587769C20}"
EndProject
Global
	GlobalSection(SolutionConfigurationPlatforms) = preSolution
		Debug|Any CPU = Debug|Any CPU
		Release|Any CPU = Release|Any CPU
	EndGlobalSection
	GlobalSection(ProjectConfigurationPlatforms) = postSolution
		{6A17E354-7B41-4E65-B6EA-209DFBC1FCC6}.Debug|Any CPU.ActiveCfg = Debug|Any CPU
		{6A17E354-7B41-4E65-B6EA-209DFBC1FCC6}.Debug|Any CPU.Build.0 = Debug|Any CPU
		{6A17E354-7B41-4E65-B6EA-209DFBC1FCC6}.Release|Any CPU.ActiveCfg = Release|Any CPU
		{6A17E354-7B41-4E65-B6EA-209DFBC1FCC6}.Release|Any CPU.Build.0 = Release|Any CPU
		{1C7B7BE5-387A-4C8E-8C45-72DFD7FE5A5D}.Debug|Any CPU.ActiveCfg = Debug|Any CPU
		{1C7B7BE5-387A-4C8E-8C45-72DFD7FE5A5D}.Debug|Any CPU.Build.0 = Debug|Any CPU
		{1C7B7BE5-387A-4C8E-8C45-72DFD7FE5A5D}.Release|Any CPU.ActiveCfg = Release|Any CPU
		{1C7B7BE5-387A-4C8E-8C45-72DFD7FE5A5D}.Release|Any CPU.Build.0 = Release|Any CPU
		{F7ECAC5F-E09F-48B6-8932-82F453D80467}.Debug|Any CPU.ActiveCfg = Debug|Any CPU
		{F7ECAC5F-E09F-48B6-8932-82F453D80467}.Debug|Any CPU.Build.0 = Debug|Any CPU
		{F7ECAC5F-E09F-48B6-8932-82F453D80467}.Release|Any CPU.ActiveCfg = Release|Any CPU
		{F7ECAC5F-E09F-48B6-8932-82F453D80467}.Release|Any CPU.Build.0 = Release|Any CPU
		{0790C7FF-9D33-47DA-8E9F-03B8B48A8E7E}.Debug|Any CPU.ActiveCfg = Debug|Any CPU
		{0790C7FF-9D33-47DA-8E9F-03B8B48A8E7E}.Debug|Any CPU.Build.0 = Debug|Any CPU
		{0790C7FF-9D33-47DA-8E9F-03B8B48A8E7E}.Release|Any CPU.ActiveCfg = Release|Any CPU
		{0790C7FF-9D33-47DA-8E9F-03B8B48A8E7E}.Release|Any CPU.Build.0 = Release|Any CPU
		{C9CE7850-BCB1-4A84-B2BC-3871DD4DDF40}.Debug|Any CPU.ActiveCfg = Debug|Any CPU
		{C9CE7850-BCB1-4A84-B2BC-3871DD4DDF40}.Debug|Any CPU.Build.0 = Debug|Any CPU
		{C9CE7850-BCB1-4A84-B2BC-3871DD4DDF40}.Release|Any CPU.ActiveCfg = Release|Any CPU
		{C9CE7850-BCB1-4A84-B2BC-3871DD4DDF40}.Release|Any CPU.Build.0 = Release|Any CPU
		{946260DF-7560-4A4D-B039-CCAAD05452E5}.Debug|Any CPU.ActiveCfg = Debug|Any CPU
		{946260DF-7560-4A4D-B039-CCAAD05452E5}.Debug|Any CPU.Build.0 = Debug|Any CPU
		{946260DF-7560-4A4D-B039-CCAAD05452E5}.Release|Any CPU.ActiveCfg = Release|Any CPU
		{946260DF-7560-4A4D-B039-CCAAD05452E5}.Release|Any CPU.Build.0 = Release|Any CPU
		{88EB8983-BAA6-4DA4-9B2F-F1A587769C20}.Debug|Any CPU.ActiveCfg = Debug|Any CPU
		{88EB8983-BAA6-4DA4-9B2F-F1A587769C20}.Debug|Any CPU.Build.0 = Debug|Any CPU
		{88EB8983-BAA6-4DA4-9B2F-F1A587769C20}.Release|Any CPU.ActiveCfg = Release|Any CPU
		{88EB8983-BAA6-4DA4-9B2F-F1A587769C20}.Release|Any CPU.Build.0 = Release|Any CPU
	EndGlobalSection
	GlobalSection(SolutionProperties) = preSolution
		HideSolutionNode = FALSE
	EndGlobalSection
	GlobalSection(NestedProjects) = preSolution
		{6A17E354-7B41-4E65-B6EA-209DFBC1FCC6} = {8DAEC0F2-7CE9-4154-8F51-947167ED7857}
		{7901290B-E5D0-42C3-A189-E12E67FE3ED8} = {B01E6D1B-FB35-48E6-9641-B707E22A3F7E}
		{1C7B7BE5-387A-4C8E-8C45-72DFD7FE5A5D} = {7901290B-E5D0-42C3-A189-E12E67FE3ED8}
		{F7ECAC5F-E09F-48B6-8932-82F453D80467} = {B01E6D1B-FB35-48E6-9641-B707E22A3F7E}
		{3B60911A-A015-4FB7-9273-8C9484779B1A} = {B01E6D1B-FB35-48E6-9641-B707E22A3F7E}
		{0790C7FF-9D33-47DA-8E9F-03B8B48A8E7E} = {3B60911A-A015-4FB7-9273-8C9484779B1A}
		{11B55F82-8663-4AA8-9CF1-DC951055518A} = {B01E6D1B-FB35-48E6-9641-B707E22A3F7E}
		{C9CE7850-BCB1-4A84-B2BC-3871DD4DDF40} = {11B55F82-8663-4AA8-9CF1-DC951055518A}
		{946260DF-7560-4A4D-B039-CCAAD05452E5} = {B01E6D1B-FB35-48E6-9641-B707E22A3F7E}
	EndGlobalSection
	GlobalSection(ExtensibilityGlobals) = postSolution
		SolutionGuid = {A4F8B60D-852D-47F9-BB01-BA6BA5731FD8}
	EndGlobalSection
EndGlobal
